{
  "lockfile-version": 1,
  "manifest": {
    "version": 1,
    "install": {
      "nodejs": {
        "pkg-path": "nodejs"
      }
    },
    "hook": {
      "on-activate": "  # Autogenerated by Flox\n\n  # Install nodejs dependencies\n  npm install\n\n  # End autogenerated by Flox\n"
    },
    "profile": {},
    "options": {
      "systems": [
        "aarch64-darwin",
        "aarch64-linux",
        "x86_64-darwin",
        "x86_64-linux"
      ]
    }
  },
  "packages": [
    {
      "attr_path": "nodejs",
      "broken": false,
      "derivation": "/nix/store/xvmi92k10p9ccqz68rr4w2l6m9ixpk5b-nodejs-22.14.0.drv",
      "description": "Event-driven I/O framework for the V8 JavaScript engine",
      "install_id": "nodejs",
      "license": "MIT",
      "locked_url": "https://github.com/flox/nixpkgs?rev=d89fc19e405cb2d55ce7cc114356846a0ee5e956",
      "name": "nodejs-22.14.0",
      "pname": "nodejs",
      "rev": "d89fc19e405cb2d55ce7cc114356846a0ee5e956",
      "rev_count": 797896,
      "rev_date": "2025-05-10T19:10:37Z",
      "scrape_date": "2025-05-13T04:25:19.516796Z",
      "stabilities": [
        "unstable"
      ],
      "unfree": false,
      "version": "22.14.0",
      "outputs_to_install": [
        "out"
      ],
      "outputs": {
        "dev": "/nix/store/9xaa4qy83dpy95d1ffibkfzzgyyrp7hk-nodejs-22.14.0-dev",
        "libv8": "/nix/store/dcjrxq66pzqjvabbkz596sfbwlzgy1gm-nodejs-22.14.0-libv8",
        "out": "/nix/store/j2rsxk1lxlapi903kxkvnsdlb0pfbnl1-nodejs-22.14.0"
      },
      "system": "aarch64-darwin",
      "group": "toplevel",
      "priority": 5
    },
    {
      "attr_path": "nodejs",
      "broken": false,
      "derivation": "/nix/store/nfsdr7c7dyb7bl65ck9hvw0w5qbainws-nodejs-22.14.0.drv",
      "description": "Event-driven I/O framework for the V8 JavaScript engine",
      "install_id": "nodejs",
      "license": "MIT",
      "locked_url": "https://github.com/flox/nixpkgs?rev=d89fc19e405cb2d55ce7cc114356846a0ee5e956",
      "name": "nodejs-22.14.0",
      "pname": "nodejs",
      "rev": "d89fc19e405cb2d55ce7cc114356846a0ee5e956",
      "rev_count": 797896,
      "rev_date": "2025-05-10T19:10:37Z",
      "scrape_date": "2025-05-13T04:48:17.981215Z",
      "stabilities": [
        "unstable"
      ],
      "unfree": false,
      "version": "22.14.0",
      "outputs_to_install": [
        "out"
      ],
      "outputs": {
        "dev": "/nix/store/9hv74w50r20z1f1flnpza0aicz5agg8i-nodejs-22.14.0-dev",
        "libv8": "/nix/store/ww17b0kj7zawsa17l2kw5yi6019lddfy-nodejs-22.14.0-libv8",
        "out": "/nix/store/8v7hqm22mk2w725sqwqcnym5jznqmn64-nodejs-22.14.0"
      },
      "system": "aarch64-linux",
      "group": "toplevel",
      "priority": 5
    },
    {
      "attr_path": "nodejs",
      "broken": false,
      "derivation": "/nix/store/7157kvxcqj6j3jxp6r5lpzg6b8zmd3wn-nodejs-22.14.0.drv",
      "description": "Event-driven I/O framework for the V8 JavaScript engine",
      "install_id": "nodejs",
      "license": "MIT",
      "locked_url": "https://github.com/flox/nixpkgs?rev=d89fc19e405cb2d55ce7cc114356846a0ee5e956",
      "name": "nodejs-22.14.0",
      "pname": "nodejs",
      "rev": "d89fc19e405cb2d55ce7cc114356846a0ee5e956",
      "rev_count": 797896,
      "rev_date": "2025-05-10T19:10:37Z",
      "scrape_date": "2025-05-13T05:08:14.233814Z",
      "stabilities": [
        "unstable"
      ],
      "unfree": false,
      "version": "22.14.0",
      "outputs_to_install": [
        "out"
      ],
      "outputs": {
        "dev": "/nix/store/6wb73ifswly0ajfp3zv125bqnvzb4k37-nodejs-22.14.0-dev",
        "libv8": "/nix/store/v4nnkjh9jdz0wsq7l3f4mdfh2skjvwal-nodejs-22.14.0-libv8",
        "out": "/nix/store/sn8xmika3xqfpzzznbcv061gym6njija-nodejs-22.14.0"
      },
      "system": "x86_64-darwin",
      "group": "toplevel",
      "priority": 5
    },
    {
      "attr_path": "nodejs",
      "broken": false,
      "derivation": "/nix/store/vcbkrrp8jzqvchw30klpq54ac4l2gmhl-nodejs-22.14.0.drv",
      "description": "Event-driven I/O framework for the V8 JavaScript engine",
      "install_id": "nodejs",
      "license": "MIT",
      "locked_url": "https://github.com/flox/nixpkgs?rev=d89fc19e405cb2d55ce7cc114356846a0ee5e956",
      "name": "nodejs-22.14.0",
      "pname": "nodejs",
      "rev": "d89fc19e405cb2d55ce7cc114356846a0ee5e956",
      "rev_count": 797896,
      "rev_date": "2025-05-10T19:10:37Z",
      "scrape_date": "2025-05-13T05:34:31.455866Z",
      "stabilities": [
        "unstable"
      ],
      "unfree": false,
      "version": "22.14.0",
      "outputs_to_install": [
        "out"
      ],
      "outputs": {
        "dev": "/nix/store/sbqvdlpp1zp6fdr3cb0mqyprjbcf2ihn-nodejs-22.14.0-dev",
        "libv8": "/nix/store/ianbd6y7fbm32073q239zdxlcmjwvm57-nodejs-22.14.0-libv8",
        "out": "/nix/store/50lhzpd68v47x6jy0b8b3p91n2zv3lv4-nodejs-22.14.0"
      },
      "system": "x86_64-linux",
      "group": "toplevel",
      "priority": 5
    }
  ]
}